// !$*UTF8*$!
{
	archiveVersion = 1;
	classes = {
	};
	objectVersion = 77;
	objects = {

/* Begin PBXBuildFile section */
		135A34AD898F971B69FA650B /* StoreKitTest.configuration in Resources */ = {isa = PBXBuildFile; fileRef = F4569235B5DACCCB153154E0 /* StoreKitTest.configuration */; };
		BE1E96B0965FC1909D044669 /* BodyLogTests.swift in Sources */ = {isa = PBXBuildFile; fileRef = 5AB493D83E4EDC3DBF215628 /* BodyLogTests.swift */; };
/* End PBXBuildFile section */

/* Begin PBXContainerItemProxy section */
		DE9AC607422EF6A6A33816B0 /* PBXContainerItemProxy */ = {
			isa = PBXContainerItemProxy;
			containerPortal = E5DDE35E9677361168E2EF7F /* Project object */;
			proxyType = 1;
			remoteGlobalIDString = FDB05A47955AD7C42505E8BD;
			remoteInfo = BodyLog;
		};
/* End PBXContainerItemProxy section */

/* Begin PBXFileReference section */
		1CFFE05EF045F6A915A05861 /* BodyLogTests.xctest */ = {isa = PBXFileReference; includeInIndex = 0; lastKnownFileType = wrapper.cfbundle; path = BodyLogTests.xctest; sourceTree = BUILT_PRODUCTS_DIR; };
		552C3244DD4E687076A2960D /* BodyLog.app */ = {isa = PBXFileReference; includeInIndex = 0; lastKnownFileType = wrapper.application; path = BodyLog.app; sourceTree = BUILT_PRODUCTS_DIR; };
		5AB493D83E4EDC3DBF215628 /* BodyLogTests.swift */ = {isa = PBXFileReference; lastKnownFileType = sourcecode.swift; path = BodyLogTests.swift; sourceTree = "<group>"; };
		F4569235B5DACCCB153154E0 /* StoreKitTest.configuration */ = {isa = PBXFileReference; path = StoreKitTest.configuration; sourceTree = "<group>"; };
/* End PBXFileReference section */

/* Begin PBXGroup section */
		3432E77AA27D1C3CF9D668B9 = {
			isa = PBXGroup;
			children = (
				80FFA1DC19D88FC93F07C9C7 /* BodyLog */,
				9438B96ADB58C6616E2F402D /* Tests */,
				7D891CC1044C46921E9071DA /* Products */,
			);
			sourceTree = "<group>";
		};
		7D891CC1044C46921E9071DA /* Products */ = {
			isa = PBXGroup;
			children = (
				552C3244DD4E687076A2960D /* BodyLog.app */,
				1CFFE05EF045F6A915A05861 /* BodyLogTests.xctest */,
			);
			name = Products;
			sourceTree = "<group>";
		};
		80FFA1DC19D88FC93F07C9C7 /* BodyLog */ = {
			isa = PBXGroup;
			children = (
				B0AA8B4D349DEACB267D9B98 /* StoreKit */,
			);
			path = BodyLog;
			sourceTree = "<group>";
		};
		9438B96ADB58C6616E2F402D /* Tests */ = {
			isa = PBXGroup;
			children = (
				5AB493D83E4EDC3DBF215628 /* BodyLogTests.swift */,
			);
			path = Tests;
			sourceTree = "<group>";
		};
		B0AA8B4D349DEACB267D9B98 /* StoreKit */ = {
			isa = PBXGroup;
			children = (
				F4569235B5DACCCB153154E0 /* StoreKitTest.configuration */,
			);
			path = StoreKit;
			sourceTree = "<group>";
		};
/* End PBXGroup section */

/* Begin PBXNativeTarget section */
		67A22A18EC846A63A5BEF5BE /* BodyLogTests */ = {
			isa = PBXNativeTarget;
			buildConfigurationList = 5EE6C3FF9F3753280478FBAA /* Build configuration list for PBXNativeTarget "BodyLogTests" */;
			buildPhases = (
				15173379061699D2753FBB77 /* Sources */,
			);
			buildRules = (
			);
			dependencies = (
				3347B2B9C4F5880BF4F6164B /* PBXTargetDependency */,
			);
			name = BodyLogTests;
			packageProductDependencies = (
			);
			productName = BodyLogTests;
			productReference = 1CFFE05EF045F6A915A05861 /* BodyLogTests.xctest */;
			productType = "com.apple.product-type.bundle.unit-test";
		};
		FDB05A47955AD7C42505E8BD /* BodyLog */ = {
			isa = PBXNativeTarget;
			buildConfigurationList = 1938ED62E214E945204A7BA1 /* Build configuration list for PBXNativeTarget "BodyLog" */;
			buildPhases = (
				11B4606F287EBD10582C1F62 /* Sources */,
				2EAAC95E31396A94D1D2D054 /* Resources */,
			);
			buildRules = (
			);
			dependencies = (
			);
			name = BodyLog;
			packageProductDependencies = (
			);
			productName = BodyLog;
			productReference = 552C3244DD4E687076A2960D /* BodyLog.app */;
			productType = "com.apple.product-type.application";
		};
/* End PBXNativeTarget section */

/* Begin PBXProject section */
		E5DDE35E9677361168E2EF7F /* Project object */ = {
			isa = PBXProject;
			attributes = {
				BuildIndependentTargetsInParallel = YES;
				LastUpgradeCheck = 1600;
				TargetAttributes = {
					FDB05A47955AD7C42505E8BD = {
						DevelopmentTeam = "";
						ProvisioningStyle = Automatic;
					};
				};
			};
			buildConfigurationList = DD8203FCA9C17939BF5E1586 /* Build configuration list for PBXProject "BodyLog" */;
			developmentRegion = en;
			hasScannedForEncodings = 0;
			knownRegions = (
				Base,
				en,
			);
			mainGroup = 3432E77AA27D1C3CF9D668B9;
			minimizedProjectReferenceProxies = 1;
			preferredProjectObjectVersion = 77;
			productRefGroup = 7D891CC1044C46921E9071DA /* Products */;
			projectDirPath = "";
			projectRoot = "";
			targets = (
				FDB05A47955AD7C42505E8BD /* BodyLog */,
				67A22A18EC846A63A5BEF5BE /* BodyLogTests */,
			);
		};
/* End PBXProject section */

/* Begin PBXResourcesBuildPhase section */
		2EAAC95E31396A94D1D2D054 /* Resources */ = {
			isa = PBXResourcesBuildPhase;
			buildActionMask = 2147483647;
			files = (
				135A34AD898F971B69FA650B /* StoreKitTest.configuration in Resources */,
			);
			runOnlyForDeploymentPostprocessing = 0;
		};
/* End PBXResourcesBuildPhase section */

/* Begin PBXSourcesBuildPhase section */
		11B4606F287EBD10582C1F62 /* Sources */ = {
			isa = PBXSourcesBuildPhase;
			buildActionMask = 2147483647;
			files = (
			);
			runOnlyForDeploymentPostprocessing = 0;
		};
		15173379061699D2753FBB77 /* Sources */ = {
			isa = PBXSourcesBuildPhase;
			buildActionMask = 2147483647;
			files = (
				BE1E96B0965FC1909D044669 /* BodyLogTests.swift in Sources */,
			);
			runOnlyForDeploymentPostprocessing = 0;
		};
/* End PBXSourcesBuildPhase section */

/* Begin PBXTargetDependency section */
		3347B2B9C4F5880BF4F6164B /* PBXTargetDependency */ = {
			isa = PBXTargetDependency;
			target = FDB05A47955AD7C42505E8BD /* BodyLog */;
			targetProxy = DE9AC607422EF6A6A33816B0 /* PBXContainerItemProxy */;
		};
/* End PBXTargetDependency section */

/* Begin XCBuildConfiguration section */
		3A67304B37085591BF309440 /* Debug */ = {
			isa = XCBuildConfiguration;
			buildSettings = {
				ALWAYS_SEARCH_USER_PATHS = NO;
				CLANG_ANALYZER_NONNULL = YES;
				CLANG_ANALYZER_NUMBER_OBJECT_CONVERSION = YES_AGGRESSIVE;
				CLANG_CXX_LANGUAGE_STANDARD = "gnu++14";
				CLANG_CXX_LIBRARY = "libc++";
				CLANG_ENABLE_MODULES = YES;
				CLANG_ENABLE_OBJC_ARC = YES;
				CLANG_ENABLE_OBJC_WEAK = YES;
				CLANG_WARN_BLOCK_CAPTURE_AUTORELEASING = YES;
				CLANG_WARN_BOOL_CONVERSION = YES;
				CLANG_WARN_COMMA = YES;
				CLANG_WARN_CONSTANT_CONVERSION = YES;
				CLANG_WARN_DEPRECATED_OBJC_IMPLEMENTATIONS = YES;
				CLANG_WARN_DIRECT_OBJC_ISA_USAGE = YES_ERROR;
				CLANG_WARN_DOCUMENTATION_COMMENTS = YES;
				CLANG_WARN_EMPTY_BODY = YES;
				CLANG_WARN_ENUM_CONVERSION = YES;
				CLANG_WARN_INFINITE_RECURSION = YES;
				CLANG_WARN_INT_CONVERSION = YES;
				CLANG_WARN_NON_LITERAL_NULL_CONVERSION = YES;
				CLANG_WARN_OBJC_IMPLICIT_RETAIN_SELF = YES;
				CLANG_WARN_OBJC_LITERAL_CONVERSION = YES;
				CLANG_WARN_OBJC_ROOT_CLASS = YES_ERROR;
				CLANG_WARN_QUOTED_INCLUDE_IN_FRAMEWORK_HEADER = YES;
				CLANG_WARN_RANGE_LOOP_ANALYSIS = YES;
				CLANG_WARN_STRICT_PROTOTYPES = YES;
				CLANG_WARN_SUSPICIOUS_MOVE = YES;
				CLANG_WARN_UNGUARDED_AVAILABILITY = YES_AGGRESSIVE;
				CLANG_WARN_UNREACHABLE_CODE = YES;
				CLANG_WARN__DUPLICATE_METHOD_MATCH = YES;
				COPY_PHASE_STRIP = NO;
				DEBUG_INFORMATION_FORMAT = dwarf;
				ENABLE_STRICT_OBJC_MSGSEND = YES;
				ENABLE_TESTABILITY = YES;
				GCC_C_LANGUAGE_STANDARD = gnu11;
				GCC_DYNAMIC_NO_PIC = NO;
				GCC_NO_COMMON_BLOCKS = YES;
				GCC_OPTIMIZATION_LEVEL = 0;
				GCC_PREPROCESSOR_DEFINITIONS = (
					"$(inherited)",
					"DEBUG=1",
				);
				GCC_WARN_64_TO_32_BIT_CONVERSION = YES;
				GCC_WARN_ABOUT_RETURN_TYPE = YES_ERROR;
				GCC_WARN_UNDECLARED_SELECTOR = YES;
				GCC_WARN_UNINITIALIZED_AUTOS = YES_AGGRESSIVE;
				GCC_WARN_UNUSED_FUNCTION = YES;
				GCC_WARN_UNUSED_VARIABLE = YES;
				IPHONEOS_DEPLOYMENT_TARGET = 16.0;
				MTL_ENABLE_DEBUG_INFO = INCLUDE_SOURCE;
				MTL_FAST_MATH = YES;
				ONLY_ACTIVE_ARCH = YES;
				PRODUCT_NAME = "$(TARGET_NAME)";
				SDKROOT = iphoneos;
				SWIFT_ACTIVE_COMPILATION_CONDITIONS = DEBUG;
				SWIFT_OPTIMIZATION_LEVEL = "-Onone";
				SWIFT_STRICT_CONCURRENCY = complete;
				SWIFT_VERSION = 5.0;
			};
			name = Debug;
		};
		81BF37DE98C846B11B7804A2 /* Release */ = {
			isa = XCBuildConfiguration;
			buildSettings = {
				BUNDLE_LOADER = "$(TEST_HOST)";
				GENERATE_INFOPLIST_FILE = YES;
				IPHONEOS_DEPLOYMENT_TARGET = 16.0;
				LD_RUNPATH_SEARCH_PATHS = (
					"$(inherited)",
					"@executable_path/Frameworks",
					"@loader_path/Frameworks",
				);
				PRODUCT_BUNDLE_IDENTIFIER = com.pangtong.bodylog.tests;
				SDKROOT = iphoneos;
				SWIFT_VERSION = 5.0;
				TARGETED_DEVICE_FAMILY = "1,2";
				TEST_HOST = "$(BUILT_PRODUCTS_DIR)/BodyLog.app/BodyLog";
			};
			name = Release;
		};
		8D8B9E0DAA41113DDA7F8C56 /* Release */ = {
			isa = XCBuildConfiguration;
			buildSettings = {
				ASSETCATALOG_COMPILER_APPICON_NAME = AppIcon;
				CODE_SIGN_IDENTITY = "iPhone Developer";
				CODE_SIGN_STYLE = Automatic;
				CURRENT_PROJECT_VERSION = 1;
				DEVELOPMENT_TEAM = "";
				ENABLE_BITCODE = NO;
				GENERATE_INFOPLIST_FILE = NO;
				INFOPLIST_FILE = Info.plist;
				IPHONEOS_DEPLOYMENT_TARGET = 16.0;
				LD_RUNPATH_SEARCH_PATHS = (
					"$(inherited)",
					"@executable_path/Frameworks",
				);
				MARKETING_VERSION = 1.0.0;
				PRODUCT_BUNDLE_IDENTIFIER = com.pangtong.bodylog;
				SDKROOT = iphoneos;
				STOREKIT_CONFIGURATION_FILE = BodyLog/StoreKit/StoreKitTest.configuration;
				SWIFT_STRICT_CONCURRENCY = complete;
				SWIFT_VERSION = 5.0;
				TARGETED_DEVICE_FAMILY = "1,2";
			};
			name = Release;
		};
		A28444D5D53FFE37C490246A /* Debug */ = {
			isa = XCBuildConfiguration;
			buildSettings = {
				ASSETCATALOG_COMPILER_APPICON_NAME = AppIcon;
				CODE_SIGN_IDENTITY = "iPhone Developer";
				CODE_SIGN_STYLE = Automatic;
				CURRENT_PROJECT_VERSION = 1;
				DEVELOPMENT_TEAM = "";
				ENABLE_BITCODE = NO;
				GENERATE_INFOPLIST_FILE = NO;
				INFOPLIST_FILE = Info.plist;
				IPHONEOS_DEPLOYMENT_TARGET = 16.0;
				LD_RUNPATH_SEARCH_PATHS = (
					"$(inherited)",
					"@executable_path/Frameworks",
				);
				MARKETING_VERSION = 1.0.0;
				PRODUCT_BUNDLE_IDENTIFIER = com.pangtong.bodylog;
				SDKROOT = iphoneos;
				STOREKIT_CONFIGURATION_FILE = BodyLog/StoreKit/StoreKitTest.configuration;
				SWIFT_STRICT_CONCURRENCY = complete;
				SWIFT_VERSION = 5.0;
				TARGETED_DEVICE_FAMILY = "1,2";
			};
			name = Debug;
		};
		B9294759708C803C363055FF /* Release */ = {
			isa = XCBuildConfiguration;
			buildSettings = {
				ALWAYS_SEARCH_USER_PATHS = NO;
				CLANG_ANALYZER_NONNULL = YES;
				CLANG_ANALYZER_NUMBER_OBJECT_CONVERSION = YES_AGGRESSIVE;
				CLANG_CXX_LANGUAGE_STANDARD = "gnu++14";
				CLANG_CXX_LIBRARY = "libc++";
				CLANG_ENABLE_MODULES = YES;
				CLANG_ENABLE_OBJC_ARC = YES;
				CLANG_ENABLE_OBJC_WEAK = YES;
				CLANG_WARN_BLOCK_CAPTURE_AUTORELEASING = YES;
				CLANG_WARN_BOOL_CONVERSION = YES;
				CLANG_WARN_COMMA = YES;
				CLANG_WARN_CONSTANT_CONVERSION = YES;
				CLANG_WARN_DEPRECATED_OBJC_IMPLEMENTATIONS = YES;
				CLANG_WARN_DIRECT_OBJC_ISA_USAGE = YES_ERROR;
				CLANG_WARN_DOCUMENTATION_COMMENTS = YES;
				CLANG_WARN_EMPTY_BODY = YES;
				CLANG_WARN_ENUM_CONVERSION = YES;
				CLANG_WARN_INFINITE_RECURSION = YES;
				CLANG_WARN_INT_CONVERSION = YES;
				CLANG_WARN_NON_LITERAL_NULL_CONVERSION = YES;
				CLANG_WARN_OBJC_IMPLICIT_RETAIN_SELF = YES;
				CLANG_WARN_OBJC_LITERAL_CONVERSION = YES;
				CLANG_WARN_OBJC_ROOT_CLASS = YES_ERROR;
				CLANG_WARN_QUOTED_INCLUDE_IN_FRAMEWORK_HEADER = YES;
				CLANG_WARN_RANGE_LOOP_ANALYSIS = YES;
				CLANG_WARN_STRICT_PROTOTYPES = YES;
				CLANG_WARN_SUSPICIOUS_MOVE = YES;
				CLANG_WARN_UNGUARDED_AVAILABILITY = YES_AGGRESSIVE;
				CLANG_WARN_UNREACHABLE_CODE = YES;
				CLANG_WARN__DUPLICATE_METHOD_MATCH = YES;
				COPY_PHASE_STRIP = NO;
				DEBUG_INFORMATION_FORMAT = "dwarf-with-dsym";
				ENABLE_NS_ASSERTIONS = NO;
				ENABLE_STRICT_OBJC_MSGSEND = YES;
				GCC_C_LANGUAGE_STANDARD = gnu11;
				GCC_NO_COMMON_BLOCKS = YES;
				GCC_WARN_64_TO_32_BIT_CONVERSION = YES;
				GCC_WARN_ABOUT_RETURN_TYPE = YES_ERROR;
				GCC_WARN_UNDECLARED_SELECTOR = YES;
				GCC_WARN_UNINITIALIZED_AUTOS = YES_AGGRESSIVE;
				GCC_WARN_UNUSED_FUNCTION = YES;
				GCC_WARN_UNUSED_VARIABLE = YES;
				IPHONEOS_DEPLOYMENT_TARGET = 16.0;
				MTL_ENABLE_DEBUG_INFO = NO;
				MTL_FAST_MATH = YES;
				PRODUCT_NAME = "$(TARGET_NAME)";
				SDKROOT = iphoneos;
				SWIFT_COMPILATION_MODE = wholemodule;
				SWIFT_OPTIMIZATION_LEVEL = "-O";
				SWIFT_STRICT_CONCURRENCY = complete;
				SWIFT_VERSION = 5.0;
			};
			name = Release;
		};
		CA39E38F97A7B27E5CDB51E8 /* Debug */ = {
			isa = XCBuildConfiguration;
			buildSettings = {
				BUNDLE_LOADER = "$(TEST_HOST)";
				GENERATE_INFOPLIST_FILE = YES;
				IPHONEOS_DEPLOYMENT_TARGET = 16.0;
				LD_RUNPATH_SEARCH_PATHS = (
					"$(inherited)",
					"@executable_path/Frameworks",
					"@loader_path/Frameworks",
				);
				PRODUCT_BUNDLE_IDENTIFIER = com.pangtong.bodylog.tests;
				SDKROOT = iphoneos;
				SWIFT_VERSION = 5.0;
				TARGETED_DEVICE_FAMILY = "1,2";
				TEST_HOST = "$(BUILT_PRODUCTS_DIR)/BodyLog.app/BodyLog";
			};
			name = Debug;
		};
/* End XCBuildConfiguration section */

/* Begin XCConfigurationList section */
		1938ED62E214E945204A7BA1 /* Build configuration list for PBXNativeTarget "BodyLog" */ = {
			isa = XCConfigurationList;
			buildConfigurations = (
				A28444D5D53FFE37C490246A /* Debug */,
				8D8B9E0DAA41113DDA7F8C56 /* Release */,
			);
			defaultConfigurationIsVisible = 0;
			defaultConfigurationName = Debug;
		};
		5EE6C3FF9F3753280478FBAA /* Build configuration list for PBXNativeTarget "BodyLogTests" */ = {
			isa = XCConfigurationList;
			buildConfigurations = (
				CA39E38F97A7B27E5CDB51E8 /* Debug */,
				81BF37DE98C846B11B7804A2 /* Release */,
			);
			defaultConfigurationIsVisible = 0;
			defaultConfigurationName = Debug;
		};
		DD8203FCA9C17939BF5E1586 /* Build configuration list for PBXProject "BodyLog" */ = {
			isa = XCConfigurationList;
			buildConfigurations = (
				3A67304B37085591BF309440 /* Debug */,
				B9294759708C803C363055FF /* Release */,
			);
			defaultConfigurationIsVisible = 0;
			defaultConfigurationName = Debug;
		};
/* End XCConfigurationList section */
	};
	rootObject = E5DDE35E9677361168E2EF7F /* Project object */;
}
